
Microsoft Visual Studio Solution File, Format Version 12.00
# Visual Studio Version 17
VisualStudioVersion = 17.4.33213.308
MinimumVisualStudioVersion = 10.0.40219.1
Project("{FAE04EC0-301F-11D3-BF4B-00C04F79EFBC}") = "OOPProblem", "OOPProblem\OOPProblem.csproj", "{040A3C18-FC88-4762-90D2-75A6DD6B477D}"
EndProject
Global
	GlobalSection(SolutionConfigurationPlatforms) = preSolution
		Debug|Any CPU = Debug|Any CPU
		Release|Any CPU = Release|Any CPU
	EndGlobalSection
	GlobalSection(ProjectConfigurationPlatforms) = postSolution
		{040A3C18-FC88-4762-90D2-75A6DD6B477D}.Debug|Any CPU.ActiveCfg = Debug|Any CPU
		{040A3C18-FC88-4762-90D2-75A6DD6B477D}.Debug|Any CPU.Build.0 = Debug|Any CPU
		{040A3C18-FC88-4762-90D2-75A6DD6B477D}.Release|Any CPU.ActiveCfg = Release|Any CPU
		{040A3C18-FC88-4762-90D2-75A6DD6B477D}.Release|Any CPU.Build.0 = Release|Any CPU
	EndGlobalSection
	GlobalSection(SolutionProperties) = preSolution
		HideSolutionNode = FALSE
	EndGlobalSection
	GlobalSection(ExtensibilityGlobals) = postSolution
		SolutionGuid = {F351D00A-0B21-4CA7-929E-4436C88245C8}
	EndGlobalSection
EndGlobal
